// !$*UTF8*$!
{
	archiveVersion = 1;
	classes = {
	};
	objectVersion = 77;
	objects = {

/* Begin PBXContainerItemProxy section */
		D57A7C5F2E6A0BBB00425095 /* PBXContainerItemProxy */ = {
			isa = PBXContainerItemProxy;
			containerPortal = D57A7C492E6A0BBA00425095 /* Project object */;
			proxyType = 1;
			remoteGlobalIDString = D57A7C502E6A0BBA00425095;
			remoteInfo = CountdownTimer;
		};
		D57A7C692E6A0BBB00425095 /* PBXContainerItemProxy */ = {
			isa = PBXContainerItemProxy;
			containerPortal = D57A7C492E6A0BBA00425095 /* Project object */;
			proxyType = 1;
			remoteGlobalIDString = D57A7C502E6A0BBA00425095;
			remoteInfo = CountdownTimer;
		};
/* End PBXContainerItemProxy section */

/* Begin PBXFileReference section */
		D57A7C512E6A0BBA00425095 /* CountdownTimer.app */ = {isa = PBXFileReference; explicitFileType = wrapper.application; includeInIndex = 0; path = CountdownTimer.app; sourceTree = BUILT_PRODUCTS_DIR; };
		D57A7C5E2E6A0BBB00425095 /* CountdownTimerTests.xctest */ = {isa = PBXFileReference; explicitFileType = wrapper.cfbundle; includeInIndex = 0; path = CountdownTimerTests.xctest; sourceTree = BUILT_PRODUCTS_DIR; };
		D57A7C682E6A0BBB00425095 /* CountdownTimerUITests.xctest */ = {isa = PBXFileReference; explicitFileType = wrapper.cfbundle; includeInIndex = 0; path = CountdownTimerUITests.xctest; sourceTree = BUILT_PRODUCTS_DIR; };
/* End PBXFileReference section */

/* Begin PBXFileSystemSynchronizedRootGroup section */
		D57A7C532E6A0BBA00425095 /* CountdownTimer */ = {
			isa = PBXFileSystemSynchronizedRootGroup;
			path = CountdownTimer;
			sourceTree = "<group>";
		};
		D57A7C612E6A0BBB00425095 /* CountdownTimerTests */ = {
			isa = PBXFileSystemSynchronizedRootGroup;
			path = CountdownTimerTests;
			sourceTree = "<group>";
		};
		D57A7C6B2E6A0BBB00425095 /* CountdownTimerUITests */ = {
			isa = PBXFileSystemSynchronizedRootGroup;
			path = CountdownTimerUITests;
			sourceTree = "<group>";
		};
/* End PBXFileSystemSynchronizedRootGroup section */

/* Begin PBXFrameworksBuildPhase section */
		D57A7C4E2E6A0BBA00425095 /* Frameworks */ = {
			isa = PBXFrameworksBuildPhase;
			buildActionMask = 2147483647;
			files = (
			);
			runOnlyForDeploymentPostprocessing = 0;
		};
		D57A7C5B2E6A0BBB00425095 /* Frameworks */ = {
			isa = PBXFrameworksBuildPhase;
			buildActionMask = 2147483647;
			files = (
			);
			runOnlyForDeploymentPostprocessing = 0;
		};
		D57A7C652E6A0BBB00425095 /* Frameworks */ = {
			isa = PBXFrameworksBuildPhase;
			buildActionMask = 2147483647;
			files = (
			);
			runOnlyForDeploymentPostprocessing = 0;
		};
/* End PBXFrameworksBuildPhase section */

/* Begin PBXGroup section */
		D57A7C482E6A0BBA00425095 = {
			isa = PBXGroup;
			children = (
				D57A7C532E6A0BBA00425095 /* CountdownTimer */,
				D57A7C612E6A0BBB00425095 /* CountdownTimerTests */,
				D57A7C6B2E6A0BBB00425095 /* CountdownTimerUITests */,
				D57A7C522E6A0BBA00425095 /* Products */,
			);
			sourceTree = "<group>";
		};
		D57A7C522E6A0BBA00425095 /* Products */ = {
			isa = PBXGroup;
			children = (
				D57A7C512E6A0BBA00425095 /* CountdownTimer.app */,
				D57A7C5E2E6A0BBB00425095 /* CountdownTimerTests.xctest */,
				D57A7C682E6A0BBB00425095 /* CountdownTimerUITests.xctest */,
			);
			name = Products;
			sourceTree = "<group>";
		};
/* End PBXGroup section */

/* Begin PBXNativeTarget section */
		D57A7C502E6A0BBA00425095 /* CountdownTimer */ = {
			isa = PBXNativeTarget;
			buildConfigurationList = D57A7C722E6A0BBB00425095 /* Build configuration list for PBXNativeTarget "CountdownTimer" */;
			buildPhases = (
				D57A7C4D2E6A0BBA00425095 /* Sources */,
				D57A7C4E2E6A0BBA00425095 /* Frameworks */,
				D57A7C4F2E6A0BBA00425095 /* Resources */,
			);
			buildRules = (
			);
			dependencies = (
			);
			fileSystemSynchronizedGroups = (
				D57A7C532E6A0BBA00425095 /* CountdownTimer */,
			);
			name = CountdownTimer;
			packageProductDependencies = (
			);
			productName = CountdownTimer;
			productReference = D57A7C512E6A0BBA00425095 /* CountdownTimer.app */;
			productType = "com.apple.product-type.application";
		};
		D57A7C5D2E6A0BBB00425095 /* CountdownTimerTests */ = {
			isa = PBXNativeTarget;
			buildConfigurationList = D57A7C752E6A0BBB00425095 /* Build configuration list for PBXNativeTarget "CountdownTimerTests" */;
			buildPhases = (
				D57A7C5A2E6A0BBB00425095 /* Sources */,
				D57A7C5B2E6A0BBB00425095 /* Frameworks */,
				D57A7C5C2E6A0BBB00425095 /* Resources */,
			);
			buildRules = (
			);
			dependencies = (
				D57A7C602E6A0BBB00425095 /* PBXTargetDependency */,
			);
			fileSystemSynchronizedGroups = (
				D57A7C612E6A0BBB00425095 /* CountdownTimerTests */,
			);
			name = CountdownTimerTests;
			packageProductDependencies = (
			);
			productName = CountdownTimerTests;
			productReference = D57A7C5E2E6A0BBB00425095 /* CountdownTimerTests.xctest */;
			productType = "com.apple.product-type.bundle.unit-test";
		};
		D57A7C672E6A0BBB00425095 /* CountdownTimerUITests */ = {
			isa = PBXNativeTarget;
			buildConfigurationList = D57A7C782E6A0BBB00425095 /* Build configuration list for PBXNativeTarget "CountdownTimerUITests" */;
			buildPhases = (
				D57A7C642E6A0BBB00425095 /* Sources */,
				D57A7C652E6A0BBB00425095 /* Frameworks */,
				D57A7C662E6A0BBB00425095 /* Resources */,
			);
			buildRules = (
			);
			dependencies = (
				D57A7C6A2E6A0BBB00425095 /* PBXTargetDependency */,
			);
			fileSystemSynchronizedGroups = (
				D57A7C6B2E6A0BBB00425095 /* CountdownTimerUITests */,
			);
			name = CountdownTimerUITests;
			packageProductDependencies = (
			);
			productName = CountdownTimerUITests;
			productReference = D57A7C682E6A0BBB00425095 /* CountdownTimerUITests.xctest */;
			productType = "com.apple.product-type.bundle.ui-testing";
		};
/* End PBXNativeTarget section */

/* Begin PBXProject section */
		D57A7C492E6A0BBA00425095 /* Project object */ = {
			isa = PBXProject;
			attributes = {
				BuildIndependentTargetsInParallel = 1;
				LastSwiftUpdateCheck = 1640;
				LastUpgradeCheck = 1640;
				TargetAttributes = {
					D57A7C502E6A0BBA00425095 = {
						CreatedOnToolsVersion = 16.4;
					};
					D57A7C5D2E6A0BBB00425095 = {
						CreatedOnToolsVersion = 16.4;
						TestTargetID = D57A7C502E6A0BBA00425095;
					};
					D57A7C672E6A0BBB00425095 = {
						CreatedOnToolsVersion = 16.4;
						TestTargetID = D57A7C502E6A0BBA00425095;
					};
				};
			};
			buildConfigurationList = D57A7C4C2E6A0BBA00425095 /* Build configuration list for PBXProject "CountdownTimer" */;
			developmentRegion = en;
			hasScannedForEncodings = 0;
			knownRegions = (
				en,
				Base,
			);
			mainGroup = D57A7C482E6A0BBA00425095;
			minimizedProjectReferenceProxies = 1;
			preferredProjectObjectVersion = 77;
			productRefGroup = D57A7C522E6A0BBA00425095 /* Products */;
			projectDirPath = "";
			projectRoot = "";
			targets = (
				D57A7C502E6A0BBA00425095 /* CountdownTimer */,
				D57A7C5D2E6A0BBB00425095 /* CountdownTimerTests */,
				D57A7C672E6A0BBB00425095 /* CountdownTimerUITests */,
			);
		};
/* End PBXProject section */

/* Begin PBXResourcesBuildPhase section */
		D57A7C4F2E6A0BBA00425095 /* Resources */ = {
			isa = PBXResourcesBuildPhase;
			buildActionMask = 2147483647;
			files = (
			);
			runOnlyForDeploymentPostprocessing = 0;
		};
		D57A7C5C2E6A0BBB00425095 /* Resources */ = {
			isa = PBXResourcesBuildPhase;
			buildActionMask = 2147483647;
			files = (
			);
			runOnlyForDeploymentPostprocessing = 0;
		};
		D57A7C662E6A0BBB00425095 /* Resources */ = {
			isa = PBXResourcesBuildPhase;
			buildActionMask = 2147483647;
			files = (
			);
			runOnlyForDeploymentPostprocessing = 0;
		};
/* End PBXResourcesBuildPhase section */

/* Begin PBXSourcesBuildPhase section */
		D57A7C4D2E6A0BBA00425095 /* Sources */ = {
			isa = PBXSourcesBuildPhase;
			buildActionMask = 2147483647;
			files = (
			);
			runOnlyForDeploymentPostprocessing = 0;
		};
		D57A7C5A2E6A0BBB00425095 /* Sources */ = {
			isa = PBXSourcesBuildPhase;
			buildActionMask = 2147483647;
			files = (
			);
			runOnlyForDeploymentPostprocessing = 0;
		};
		D57A7C642E6A0BBB00425095 /* Sources */ = {
			isa = PBXSourcesBuildPhase;
			buildActionMask = 2147483647;
			files = (
			);
			runOnlyForDeploymentPostprocessing = 0;
		};
/* End PBXSourcesBuildPhase section */

/* Begin PBXTargetDependency section */
		D57A7C602E6A0BBB00425095 /* PBXTargetDependency */ = {
			isa = PBXTargetDependency;
			target = D57A7C502E6A0BBA00425095 /* CountdownTimer */;
			targetProxy = D57A7C5F2E6A0BBB00425095 /* PBXContainerItemProxy */;
		};
		D57A7C6A2E6A0BBB00425095 /* PBXTargetDependency */ = {
			isa = PBXTargetDependency;
			target = D57A7C502E6A0BBA00425095 /* CountdownTimer */;
			targetProxy = D57A7C692E6A0BBB00425095 /* PBXContainerItemProxy */;
		};
/* End PBXTargetDependency section */

/* Begin XCBuildConfiguration section */
		D57A7C702E6A0BBB00425095 /* Debug */ = {
			isa = XCBuildConfiguration;
			buildSettings = {
				ALWAYS_SEARCH_USER_PATHS = NO;
				ASSETCATALOG_COMPILER_GENERATE_SWIFT_ASSET_SYMBOL_EXTENSIONS = YES;
				CLANG_ANALYZER_NONNULL = YES;
				CLANG_ANALYZER_NUMBER_OBJECT_CONVERSION = YES_AGGRESSIVE;
				CLANG_CXX_LANGUAGE_STANDARD = "gnu++20";
				CLANG_ENABLE_MODULES = YES;
				CLANG_ENABLE_OBJC_ARC = YES;
				CLANG_ENABLE_OBJC_WEAK = YES;
				CLANG_WARN_BLOCK_CAPTURE_AUTORELEASING = YES;
				CLANG_WARN_BOOL_CONVERSION = YES;
				CLANG_WARN_COMMA = YES;
				CLANG_WARN_CONSTANT_CONVERSION = YES;
				CLANG_WARN_DEPRECATED_OBJC_IMPLEMENTATIONS = YES;
				CLANG_WARN_DIRECT_OBJC_ISA_USAGE = YES_ERROR;
				CLANG_WARN_DOCUMENTATION_COMMENTS = YES;
				CLANG_WARN_EMPTY_BODY = YES;
				CLANG_WARN_ENUM_CONVERSION = YES;
				CLANG_WARN_INFINITE_RECURSION = YES;
				CLANG_WARN_INT_CONVERSION = YES;
				CLANG_WARN_NON_LITERAL_NULL_CONVERSION = YES;
				CLANG_WARN_OBJC_IMPLICIT_RETAIN_SELF = YES;
				CLANG_WARN_OBJC_LITERAL_CONVERSION = YES;
				CLANG_WARN_OBJC_ROOT_CLASS = YES_ERROR;
				CLANG_WARN_QUOTED_INCLUDE_IN_FRAMEWORK_HEADER = YES;
				CLANG_WARN_RANGE_LOOP_ANALYSIS = YES;
				CLANG_WARN_STRICT_PROTOTYPES = YES;
				CLANG_WARN_SUSPICIOUS_MOVE = YES;
				CLANG_WARN_UNGUARDED_AVAILABILITY = YES_AGGRESSIVE;
				CLANG_WARN_UNREACHABLE_CODE = YES;
				CLANG_WARN__DUPLICATE_METHOD_MATCH = YES;
				COPY_PHASE_STRIP = NO;
				DEBUG_INFORMATION_FORMAT = dwarf;
				ENABLE_STRICT_OBJC_MSGSEND = YES;
				ENABLE_TESTABILITY = YES;
				ENABLE_USER_SCRIPT_SANDBOXING = YES;
				GCC_C_LANGUAGE_STANDARD = gnu17;
				GCC_DYNAMIC_NO_PIC = NO;
				GCC_NO_COMMON_BLOCKS = YES;
				GCC_OPTIMIZATION_LEVEL = 0;
				GCC_PREPROCESSOR_DEFINITIONS = (
					"DEBUG=1",
					"$(inherited)",
				);
				GCC_WARN_64_TO_32_BIT_CONVERSION = YES;
				GCC_WARN_ABOUT_RETURN_TYPE = YES_ERROR;
				GCC_WARN_UNDECLARED_SELECTOR = YES;
				GCC_WARN_UNINITIALIZED_AUTOS = YES_AGGRESSIVE;
				GCC_WARN_UNUSED_FUNCTION = YES;
				GCC_WARN_UNUSED_VARIABLE = YES;
				IPHONEOS_DEPLOYMENT_TARGET = 18.5;
				LOCALIZATION_PREFERS_STRING_CATALOGS = YES;
				MTL_ENABLE_DEBUG_INFO = INCLUDE_SOURCE;
				MTL_FAST_MATH = YES;
				ONLY_ACTIVE_ARCH = YES;
				SDKROOT = iphoneos;
				SWIFT_ACTIVE_COMPILATION_CONDITIONS = "DEBUG $(inherited)";
				SWIFT_OPTIMIZATION_LEVEL = "-Onone";
			};
			name = Debug;
		};
		D57A7C712E6A0BBB00425095 /* Release */ = {
			isa = XCBuildConfiguration;
			buildSettings = {
				ALWAYS_SEARCH_USER_PATHS = NO;
				ASSETCATALOG_COMPILER_GENERATE_SWIFT_ASSET_SYMBOL_EXTENSIONS = YES;
				CLANG_ANALYZER_NONNULL = YES;
				CLANG_ANALYZER_NUMBER_OBJECT_CONVERSION = YES_AGGRESSIVE;
				CLANG_CXX_LANGUAGE_STANDARD = "gnu++20";
				CLANG_ENABLE_MODULES = YES;
				CLANG_ENABLE_OBJC_ARC = YES;
				CLANG_ENABLE_OBJC_WEAK = YES;
				CLANG_WARN_BLOCK_CAPTURE_AUTORELEASING = YES;
				CLANG_WARN_BOOL_CONVERSION = YES;
				CLANG_WARN_COMMA = YES;
				CLANG_WARN_CONSTANT_CONVERSION = YES;
				CLANG_WARN_DEPRECATED_OBJC_IMPLEMENTATIONS = YES;
				CLANG_WARN_DIRECT_OBJC_ISA_USAGE = YES_ERROR;
				CLANG_WARN_DOCUMENTATION_COMMENTS = YES;
				CLANG_WARN_EMPTY_BODY = YES;
				CLANG_WARN_ENUM_CONVERSION = YES;
				CLANG_WARN_INFINITE_RECURSION = YES;
				CLANG_WARN_INT_CONVERSION = YES;
				CLANG_WARN_NON_LITERAL_NULL_CONVERSION = YES;
				CLANG_WARN_OBJC_IMPLICIT_RETAIN_SELF = YES;
				CLANG_WARN_OBJC_LITERAL_CONVERSION = YES;
				CLANG_WARN_OBJC_ROOT_CLASS = YES_ERROR;
				CLANG_WARN_QUOTED_INCLUDE_IN_FRAMEWORK_HEADER = YES;
				CLANG_WARN_RANGE_LOOP_ANALYSIS = YES;
				CLANG_WARN_STRICT_PROTOTYPES = YES;
				CLANG_WARN_SUSPICIOUS_MOVE = YES;
				CLANG_WARN_UNGUARDED_AVAILABILITY = YES_AGGRESSIVE;
				CLANG_WARN_UNREACHABLE_CODE = YES;
				CLANG_WARN__DUPLICATE_METHOD_MATCH = YES;
				COPY_PHASE_STRIP = NO;
				DEBUG_INFORMATION_FORMAT = "dwarf-with-dsym";
				ENABLE_NS_ASSERTIONS = NO;
				ENABLE_STRICT_OBJC_MSGSEND = YES;
				ENABLE_USER_SCRIPT_SANDBOXING = YES;
				GCC_C_LANGUAGE_STANDARD = gnu17;
				GCC_NO_COMMON_BLOCKS = YES;
				GCC_WARN_64_TO_32_BIT_CONVERSION = YES;
				GCC_WARN_ABOUT_RETURN_TYPE = YES_ERROR;
				GCC_WARN_UNDECLARED_SELECTOR = YES;
				GCC_WARN_UNINITIALIZED_AUTOS = YES_AGGRESSIVE;
				GCC_WARN_UNUSED_FUNCTION = YES;
				GCC_WARN_UNUSED_VARIABLE = YES;
				IPHONEOS_DEPLOYMENT_TARGET = 18.5;
				LOCALIZATION_PREFERS_STRING_CATALOGS = YES;
				MTL_ENABLE_DEBUG_INFO = NO;
				MTL_FAST_MATH = YES;
				SDKROOT = iphoneos;
				SWIFT_COMPILATION_MODE = wholemodule;
				VALIDATE_PRODUCT = YES;
			};
			name = Release;
		};
		D57A7C732E6A0BBB00425095 /* Debug */ = {
			isa = XCBuildConfiguration;
			buildSettings = {
				ASSETCATALOG_COMPILER_APPICON_NAME = AppIcon;
				ASSETCATALOG_COMPILER_GLOBAL_ACCENT_COLOR_NAME = AccentColor;
				CODE_SIGN_STYLE = Automatic;
				CURRENT_PROJECT_VERSION = 1;
				ENABLE_PREVIEWS = YES;
				GENERATE_INFOPLIST_FILE = YES;
				INFOPLIST_KEY_UIApplicationSceneManifest_Generation = YES;
				INFOPLIST_KEY_UIApplicationSupportsIndirectInputEvents = YES;
				INFOPLIST_KEY_UILaunchScreen_Generation = YES;
				INFOPLIST_KEY_UISupportedInterfaceOrientations_iPad = "UIInterfaceOrientationPortrait UIInterfaceOrientationPortraitUpsideDown UIInterfaceOrientationLandscapeLeft UIInterfaceOrientationLandscapeRight";
				INFOPLIST_KEY_UISupportedInterfaceOrientations_iPhone = "UIInterfaceOrientationPortrait UIInterfaceOrientationLandscapeLeft UIInterfaceOrientationLandscapeRight";
				LD_RUNPATH_SEARCH_PATHS = (
					"$(inherited)",
					"@executable_path/Frameworks",
				);
				MARKETING_VERSION = 1.0;
				PRODUCT_BUNDLE_IDENTIFIER = a.CountdownTimer;
				PRODUCT_NAME = "$(TARGET_NAME)";
				SWIFT_EMIT_LOC_STRINGS = YES;
				SWIFT_VERSION = 5.0;
				TARGETED_DEVICE_FAMILY = "1,2";
			};
			name = Debug;
		};
		D57A7C742E6A0BBB00425095 /* Release */ = {
			isa = XCBuildConfiguration;
			buildSettings = {
				ASSETCATALOG_COMPILER_APPICON_NAME = AppIcon;
				ASSETCATALOG_COMPILER_GLOBAL_ACCENT_COLOR_NAME = AccentColor;
				CODE_SIGN_STYLE = Automatic;
				CURRENT_PROJECT_VERSION = 1;
				ENABLE_PREVIEWS = YES;
				GENERATE_INFOPLIST_FILE = YES;
				INFOPLIST_KEY_UIApplicationSceneManifest_Generation = YES;
				INFOPLIST_KEY_UIApplicationSupportsIndirectInputEvents = YES;
				INFOPLIST_KEY_UILaunchScreen_Generation = YES;
				INFOPLIST_KEY_UISupportedInterfaceOrientations_iPad = "UIInterfaceOrientationPortrait UIInterfaceOrientationPortraitUpsideDown UIInterfaceOrientationLandscapeLeft UIInterfaceOrientationLandscapeRight";
				INFOPLIST_KEY_UISupportedInterfaceOrientations_iPhone = "UIInterfaceOrientationPortrait UIInterfaceOrientationLandscapeLeft UIInterfaceOrientationLandscapeRight";
				LD_RUNPATH_SEARCH_PATHS = (
					"$(inherited)",
					"@executable_path/Frameworks",
				);
				MARKETING_VERSION = 1.0;
				PRODUCT_BUNDLE_IDENTIFIER = a.CountdownTimer;
				PRODUCT_NAME = "$(TARGET_NAME)";
				SWIFT_EMIT_LOC_STRINGS = YES;
				SWIFT_VERSION = 5.0;
				TARGETED_DEVICE_FAMILY = "1,2";
			};
			name = Release;
		};
		D57A7C762E6A0BBB00425095 /* Debug */ = {
			isa = XCBuildConfiguration;
			buildSettings = {
				BUNDLE_LOADER = "$(TEST_HOST)";
				CODE_SIGN_STYLE = Automatic;
				CURRENT_PROJECT_VERSION = 1;
				GENERATE_INFOPLIST_FILE = YES;
				IPHONEOS_DEPLOYMENT_TARGET = 18.5;
				MARKETING_VERSION = 1.0;
				PRODUCT_BUNDLE_IDENTIFIER = a.CountdownTimerTests;
				PRODUCT_NAME = "$(TARGET_NAME)";
				SWIFT_EMIT_LOC_STRINGS = NO;
				SWIFT_VERSION = 5.0;
				TARGETED_DEVICE_FAMILY = "1,2";
				TEST_HOST = "$(BUILT_PRODUCTS_DIR)/CountdownTimer.app/$(BUNDLE_EXECUTABLE_FOLDER_PATH)/CountdownTimer";
			};
			name = Debug;
		};
		D57A7C772E6A0BBB00425095 /* Release */ = {
			isa = XCBuildConfiguration;
			buildSettings = {
				BUNDLE_LOADER = "$(TEST_HOST)";
				CODE_SIGN_STYLE = Automatic;
				CURRENT_PROJECT_VERSION = 1;
				GENERATE_INFOPLIST_FILE = YES;
				IPHONEOS_DEPLOYMENT_TARGET = 18.5;
				MARKETING_VERSION = 1.0;
				PRODUCT_BUNDLE_IDENTIFIER = a.CountdownTimerTests;
				PRODUCT_NAME = "$(TARGET_NAME)";
				SWIFT_EMIT_LOC_STRINGS = NO;
				SWIFT_VERSION = 5.0;
				TARGETED_DEVICE_FAMILY = "1,2";
				TEST_HOST = "$(BUILT_PRODUCTS_DIR)/CountdownTimer.app/$(BUNDLE_EXECUTABLE_FOLDER_PATH)/CountdownTimer";
			};
			name = Release;
		};
		D57A7C792E6A0BBB00425095 /* Debug */ = {
			isa = XCBuildConfiguration;
			buildSettings = {
				CODE_SIGN_STYLE = Automatic;
				CURRENT_PROJECT_VERSION = 1;
				GENERATE_INFOPLIST_FILE = YES;
				MARKETING_VERSION = 1.0;
				PRODUCT_BUNDLE_IDENTIFIER = a.CountdownTimerUITests;
				PRODUCT_NAME = "$(TARGET_NAME)";
				SWIFT_EMIT_LOC_STRINGS = NO;
				SWIFT_VERSION = 5.0;
				TARGETED_DEVICE_FAMILY = "1,2";
				TEST_TARGET_NAME = CountdownTimer;
			};
			name = Debug;
		};
		D57A7C7A2E6A0BBB00425095 /* Release */ = {
			isa = XCBuildConfiguration;
			buildSettings = {
				CODE_SIGN_STYLE = Automatic;
				CURRENT_PROJECT_VERSION = 1;
				GENERATE_INFOPLIST_FILE = YES;
				MARKETING_VERSION = 1.0;
				PRODUCT_BUNDLE_IDENTIFIER = a.CountdownTimerUITests;
				PRODUCT_NAME = "$(TARGET_NAME)";
				SWIFT_EMIT_LOC_STRINGS = NO;
				SWIFT_VERSION = 5.0;
				TARGETED_DEVICE_FAMILY = "1,2";
				TEST_TARGET_NAME = CountdownTimer;
			};
			name = Release;
		};
/* End XCBuildConfiguration section */

/* Begin XCConfigurationList section */
		D57A7C4C2E6A0BBA00425095 /* Build configuration list for PBXProject "CountdownTimer" */ = {
			isa = XCConfigurationList;
			buildConfigurations = (
				D57A7C702E6A0BBB00425095 /* Debug */,
				D57A7C712E6A0BBB00425095 /* Release */,
			);
			defaultConfigurationIsVisible = 0;
			defaultConfigurationName = Release;
		};
		D57A7C722E6A0BBB00425095 /* Build configuration list for PBXNativeTarget "CountdownTimer" */ = {
			isa = XCConfigurationList;
			buildConfigurations = (
				D57A7C732E6A0BBB00425095 /* Debug */,
				D57A7C742E6A0BBB00425095 /* Release */,
			);
			defaultConfigurationIsVisible = 0;
			defaultConfigurationName = Release;
		};
		D57A7C752E6A0BBB00425095 /* Build configuration list for PBXNativeTarget "CountdownTimerTests" */ = {
			isa = XCConfigurationList;
			buildConfigurations = (
				D57A7C762E6A0BBB00425095 /* Debug */,
				D57A7C772E6A0BBB00425095 /* Release */,
			);
			defaultConfigurationIsVisible = 0;
			defaultConfigurationName = Release;
		};
		D57A7C782E6A0BBB00425095 /* Build configuration list for PBXNativeTarget "CountdownTimerUITests" */ = {
			isa = XCConfigurationList;
			buildConfigurations = (
				D57A7C792E6A0BBB00425095 /* Debug */,
				D57A7C7A2E6A0BBB00425095 /* Release */,
			);
			defaultConfigurationIsVisible = 0;
			defaultConfigurationName = Release;
		};
/* End XCConfigurationList section */
	};
	rootObject = D57A7C492E6A0BBA00425095 /* Project object */;
}
